
Microsoft Visual Studio Solution File, Format Version 12.00
# Visual Studio Version 17
VisualStudioVersion = 17.6.33723.286
MinimumVisualStudioVersion = 10.0.40219.1
Project("{8BC9CEB8-8B4A-11D0-8D11-00A0C91BC942}") = "memo", "memo.vcxproj", "{9396D99B-05BF-4172-9EF8-FF45B8A2AC00}"
EndProject
Project("{8BC9CEB8-8B4A-11D0-8D11-00A0C91BC942}") = "client60ms", "..\client60ms\client60ms.vcxproj", "{5AC9247D-309F-4FA4-A8E0-BFE9F69331F9}"
EndProject
Project("{8BC9CEB8-8B4A-11D0-8D11-00A0C91BC942}") = "client50ms", "..\client50ms\client50ms.vcxproj", "{04633F23-0FDA-4498-99A4-9961719FD200}"
EndProject
Project("{8BC9CEB8-8B4A-11D0-8D11-00A0C91BC942}") = "client40ms", "..\client40ms\client40ms.vcxproj", "{0394F0B7-4B31-4A5C-ACCA-4DB61E3D4CC0}"
EndProject
Project("{8BC9CEB8-8B4A-11D0-8D11-00A0C91BC942}") = "client30ms", "..\client30ms\client30ms.vcxproj", "{A4E47E0B-050E-440D-952F-6A3D4D586682}"
EndProject
Global
	GlobalSection(SolutionConfigurationPlatforms) = preSolution
		Debug|x64 = Debug|x64
		Debug|x86 = Debug|x86
		Release|x64 = Release|x64
		Release|x86 = Release|x86
	EndGlobalSection
	GlobalSection(ProjectConfigurationPlatforms) = postSolution
		{9396D99B-05BF-4172-9EF8-FF45B8A2AC00}.Debug|x64.ActiveCfg = Debug|x64
		{9396D99B-05BF-4172-9EF8-FF45B8A2AC00}.Debug|x64.Build.0 = Debug|x64
		{9396D99B-05BF-4172-9EF8-FF45B8A2AC00}.Debug|x86.ActiveCfg = Debug|Win32
		{9396D99B-05BF-4172-9EF8-FF45B8A2AC00}.Debug|x86.Build.0 = Debug|Win32
		{9396D99B-05BF-4172-9EF8-FF45B8A2AC00}.Release|x64.ActiveCfg = Release|x64
		{9396D99B-05BF-4172-9EF8-FF45B8A2AC00}.Release|x64.Build.0 = Release|x64
		{9396D99B-05BF-4172-9EF8-FF45B8A2AC00}.Release|x86.ActiveCfg = Release|Win32
		{9396D99B-05BF-4172-9EF8-FF45B8A2AC00}.Release|x86.Build.0 = Release|Win32
		{5AC9247D-309F-4FA4-A8E0-BFE9F69331F9}.Debug|x64.ActiveCfg = Debug|x64
		{5AC9247D-309F-4FA4-A8E0-BFE9F69331F9}.Debug|x64.Build.0 = Debug|x64
		{5AC9247D-309F-4FA4-A8E0-BFE9F69331F9}.Debug|x86.ActiveCfg = Debug|Win32
		{5AC9247D-309F-4FA4-A8E0-BFE9F69331F9}.Debug|x86.Build.0 = Debug|Win32
		{5AC9247D-309F-4FA4-A8E0-BFE9F69331F9}.Release|x64.ActiveCfg = Release|x64
		{5AC9247D-309F-4FA4-A8E0-BFE9F69331F9}.Release|x64.Build.0 = Release|x64
		{5AC9247D-309F-4FA4-A8E0-BFE9F69331F9}.Release|x86.ActiveCfg = Release|Win32
		{5AC9247D-309F-4FA4-A8E0-BFE9F69331F9}.Release|x86.Build.0 = Release|Win32
		{04633F23-0FDA-4498-99A4-9961719FD200}.Debug|x64.ActiveCfg = Debug|x64
		{04633F23-0FDA-4498-99A4-9961719FD200}.Debug|x64.Build.0 = Debug|x64
		{04633F23-0FDA-4498-99A4-9961719FD200}.Debug|x86.ActiveCfg = Debug|Win32
		{04633F23-0FDA-4498-99A4-9961719FD200}.Debug|x86.Build.0 = Debug|Win32
		{04633F23-0FDA-4498-99A4-9961719FD200}.Release|x64.ActiveCfg = Release|x64
		{04633F23-0FDA-4498-99A4-9961719FD200}.Release|x64.Build.0 = Release|x64
		{04633F23-0FDA-4498-99A4-9961719FD200}.Release|x86.ActiveCfg = Release|Win32
		{04633F23-0FDA-4498-99A4-9961719FD200}.Release|x86.Build.0 = Release|Win32
		{0394F0B7-4B31-4A5C-ACCA-4DB61E3D4CC0}.Debug|x64.ActiveCfg = Debug|x64
		{0394F0B7-4B31-4A5C-ACCA-4DB61E3D4CC0}.Debug|x64.Build.0 = Debug|x64
		{0394F0B7-4B31-4A5C-ACCA-4DB61E3D4CC0}.Debug|x86.ActiveCfg = Debug|Win32
		{0394F0B7-4B31-4A5C-ACCA-4DB61E3D4CC0}.Debug|x86.Build.0 = Debug|Win32
		{0394F0B7-4B31-4A5C-ACCA-4DB61E3D4CC0}.Release|x64.ActiveCfg = Release|x64
		{0394F0B7-4B31-4A5C-ACCA-4DB61E3D4CC0}.Release|x64.Build.0 = Release|x64
		{0394F0B7-4B31-4A5C-ACCA-4DB61E3D4CC0}.Release|x86.ActiveCfg = Release|Win32
		{0394F0B7-4B31-4A5C-ACCA-4DB61E3D4CC0}.Release|x86.Build.0 = Release|Win32
		{A4E47E0B-050E-440D-952F-6A3D4D586682}.Debug|x64.ActiveCfg = Debug|x64
		{A4E47E0B-050E-440D-952F-6A3D4D586682}.Debug|x64.Build.0 = Debug|x64
		{A4E47E0B-050E-440D-952F-6A3D4D586682}.Debug|x86.ActiveCfg = Debug|Win32
		{A4E47E0B-050E-440D-952F-6A3D4D586682}.Debug|x86.Build.0 = Debug|Win32
		{A4E47E0B-050E-440D-952F-6A3D4D586682}.Release|x64.ActiveCfg = Release|x64
		{A4E47E0B-050E-440D-952F-6A3D4D586682}.Release|x64.Build.0 = Release|x64
		{A4E47E0B-050E-440D-952F-6A3D4D586682}.Release|x86.ActiveCfg = Release|Win32
		{A4E47E0B-050E-440D-952F-6A3D4D586682}.Release|x86.Build.0 = Release|Win32
	EndGlobalSection
	GlobalSection(SolutionProperties) = preSolution
		HideSolutionNode = FALSE
	EndGlobalSection
	GlobalSection(ExtensibilityGlobals) = postSolution
		SolutionGuid = {78A5C36E-A06F-4F31-90D0-41E195EB80A3}
	EndGlobalSection
EndGlobal
